// !$*UTF8*$!
{
	archiveVersion = 1;
	classes = {
	};
	objectVersion = 46;
	objects = {

/* Begin PBXBuildFile section */
		272926C0ADAABDC88FE44877 /* Pods_PattyAppUITests.framework in Frameworks */ = {isa = PBXBuildFile; fileRef = 08841108E2B19C64A20469D8 /* Pods_PattyAppUITests.framework */; };
		3B45CE98B24B163B2567D721 /* Pods_PattyAppTests.framework in Frameworks */ = {isa = PBXBuildFile; fileRef = 036190BF56667C874DCB8773 /* Pods_PattyAppTests.framework */; };
		3C2BF6A11FEFCF64001EE084 /* Profile.swift in Sources */ = {isa = PBXBuildFile; fileRef = 3C2BF6A01FEFCF64001EE084 /* Profile.swift */; };
		3C5217071F979FF200F52725 /* CreateAccountVC.swift in Sources */ = {isa = PBXBuildFile; fileRef = 3C5217061F979FF200F52725 /* CreateAccountVC.swift */; };
		3C832F461F94C96400EC8390 /* AppDelegate.swift in Sources */ = {isa = PBXBuildFile; fileRef = 3C832F451F94C96400EC8390 /* AppDelegate.swift */; };
		3C832F481F94C96400EC8390 /* ViewController.swift in Sources */ = {isa = PBXBuildFile; fileRef = 3C832F471F94C96400EC8390 /* ViewController.swift */; };
		3C832F4B1F94C96400EC8390 /* Main.storyboard in Resources */ = {isa = PBXBuildFile; fileRef = 3C832F491F94C96400EC8390 /* Main.storyboard */; };
		3C832F4E1F94C96400EC8390 /* PattyApp.xcdatamodeld in Sources */ = {isa = PBXBuildFile; fileRef = 3C832F4C1F94C96400EC8390 /* PattyApp.xcdatamodeld */; };
		3C832F501F94C96400EC8390 /* Assets.xcassets in Resources */ = {isa = PBXBuildFile; fileRef = 3C832F4F1F94C96400EC8390 /* Assets.xcassets */; };
		3C832F531F94C96400EC8390 /* LaunchScreen.storyboard in Resources */ = {isa = PBXBuildFile; fileRef = 3C832F511F94C96400EC8390 /* LaunchScreen.storyboard */; };
		3C832F5E1F94C96500EC8390 /* PattyAppTests.swift in Sources */ = {isa = PBXBuildFile; fileRef = 3C832F5D1F94C96500EC8390 /* PattyAppTests.swift */; };
		3C832F691F94C96500EC8390 /* PattyAppUITests.swift in Sources */ = {isa = PBXBuildFile; fileRef = 3C832F681F94C96500EC8390 /* PattyAppUITests.swift */; };
		3C832F771F94D49A00EC8390 /* GoogleService-Info.plist in Resources */ = {isa = PBXBuildFile; fileRef = 3C832F761F94D49A00EC8390 /* GoogleService-Info.plist */; };
		48F466356828E7E3936F2426 /* Pods_PattyApp.framework in Frameworks */ = {isa = PBXBuildFile; fileRef = E21B3C9C6911D6FAF763564C /* Pods_PattyApp.framework */; };
		590845F71F97ED9D009A2D6A /* LoggedInVC.swift in Sources */ = {isa = PBXBuildFile; fileRef = 590845F61F97ED9D009A2D6A /* LoggedInVC.swift */; };
		590845FB1F980238009A2D6A /* resetPasswordVC.swift in Sources */ = {isa = PBXBuildFile; fileRef = 590845FA1F980238009A2D6A /* resetPasswordVC.swift */; };
		59972FCE1FBE1EA400CD6C57 /* Home.swift in Sources */ = {isa = PBXBuildFile; fileRef = 59972FCD1FBE1EA400CD6C57 /* Home.swift */; };
		59BE0E101F96A971008DD52B /* LoginVC.swift in Sources */ = {isa = PBXBuildFile; fileRef = 59BE0E0F1F96A971008DD52B /* LoginVC.swift */; };
		59E383881FDB0FDC005F72F8 /* pinnedLocation.swift in Sources */ = {isa = PBXBuildFile; fileRef = 59E383871FDB0FDC005F72F8 /* pinnedLocation.swift */; };
		59E383891FDB0FDC005F72F8 /* pinnedLocation.swift in Sources */ = {isa = PBXBuildFile; fileRef = 59E383871FDB0FDC005F72F8 /* pinnedLocation.swift */; };
		59E3838A1FDB0FDC005F72F8 /* pinnedLocation.swift in Sources */ = {isa = PBXBuildFile; fileRef = 59E383871FDB0FDC005F72F8 /* pinnedLocation.swift */; };
		FC41A1431FEBE62000CE2E6C /* PPointAnnotation.swift in Sources */ = {isa = PBXBuildFile; fileRef = FC41A1421FEBE62000CE2E6C /* PPointAnnotation.swift */; };
/* End PBXBuildFile section */

/* Begin PBXContainerItemProxy section */
		3C832F5A1F94C96500EC8390 /* PBXContainerItemProxy */ = {
			isa = PBXContainerItemProxy;
			containerPortal = 3C832F3A1F94C96400EC8390 /* Project object */;
			proxyType = 1;
			remoteGlobalIDString = 3C832F411F94C96400EC8390;
			remoteInfo = PattyApp;
		};
		3C832F651F94C96500EC8390 /* PBXContainerItemProxy */ = {
			isa = PBXContainerItemProxy;
			containerPortal = 3C832F3A1F94C96400EC8390 /* Project object */;
			proxyType = 1;
			remoteGlobalIDString = 3C832F411F94C96400EC8390;
			remoteInfo = PattyApp;
		};
/* End PBXContainerItemProxy section */

/* Begin PBXFileReference section */
		036190BF56667C874DCB8773 /* Pods_PattyAppTests.framework */ = {isa = PBXFileReference; explicitFileType = wrapper.framework; includeInIndex = 0; path = Pods_PattyAppTests.framework; sourceTree = BUILT_PRODUCTS_DIR; };
		08841108E2B19C64A20469D8 /* Pods_PattyAppUITests.framework */ = {isa = PBXFileReference; explicitFileType = wrapper.framework; includeInIndex = 0; path = Pods_PattyAppUITests.framework; sourceTree = BUILT_PRODUCTS_DIR; };
		28B4B1C740B46D3B26C2F60F /* Pods-PattyApp.release.xcconfig */ = {isa = PBXFileReference; includeInIndex = 1; lastKnownFileType = text.xcconfig; name = "Pods-PattyApp.release.xcconfig"; path = "Pods/Target Support Files/Pods-PattyApp/Pods-PattyApp.release.xcconfig"; sourceTree = "<group>"; };
		38E564C490E80FCD1144FF30 /* Pods-PattyAppTests.release.xcconfig */ = {isa = PBXFileReference; includeInIndex = 1; lastKnownFileType = text.xcconfig; name = "Pods-PattyAppTests.release.xcconfig"; path = "Pods/Target Support Files/Pods-PattyAppTests/Pods-PattyAppTests.release.xcconfig"; sourceTree = "<group>"; };
		3C2BF6A01FEFCF64001EE084 /* Profile.swift */ = {isa = PBXFileReference; lastKnownFileType = sourcecode.swift; path = Profile.swift; sourceTree = "<group>"; };
		3C5217061F979FF200F52725 /* CreateAccountVC.swift */ = {isa = PBXFileReference; fileEncoding = 4; lastKnownFileType = sourcecode.swift; path = CreateAccountVC.swift; sourceTree = "<group>"; };
		3C832F421F94C96400EC8390 /* PattyApp.app */ = {isa = PBXFileReference; explicitFileType = wrapper.application; includeInIndex = 0; path = PattyApp.app; sourceTree = BUILT_PRODUCTS_DIR; };
		3C832F451F94C96400EC8390 /* AppDelegate.swift */ = {isa = PBXFileReference; lastKnownFileType = sourcecode.swift; path = AppDelegate.swift; sourceTree = "<group>"; };
		3C832F471F94C96400EC8390 /* ViewController.swift */ = {isa = PBXFileReference; lastKnownFileType = sourcecode.swift; path = ViewController.swift; sourceTree = "<group>"; };
		3C832F4A1F94C96400EC8390 /* Base */ = {isa = PBXFileReference; lastKnownFileType = file.storyboard; name = Base; path = Base.lproj/Main.storyboard; sourceTree = "<group>"; };
		3C832F4D1F94C96400EC8390 /* PattyApp.xcdatamodel */ = {isa = PBXFileReference; lastKnownFileType = wrapper.xcdatamodel; path = PattyApp.xcdatamodel; sourceTree = "<group>"; };
		3C832F4F1F94C96400EC8390 /* Assets.xcassets */ = {isa = PBXFileReference; lastKnownFileType = folder.assetcatalog; path = Assets.xcassets; sourceTree = "<group>"; };
		3C832F521F94C96400EC8390 /* Base */ = {isa = PBXFileReference; lastKnownFileType = file.storyboard; name = Base; path = Base.lproj/LaunchScreen.storyboard; sourceTree = "<group>"; };
		3C832F541F94C96400EC8390 /* Info.plist */ = {isa = PBXFileReference; lastKnownFileType = text.plist.xml; path = Info.plist; sourceTree = "<group>"; };
		3C832F591F94C96500EC8390 /* PattyAppTests.xctest */ = {isa = PBXFileReference; explicitFileType = wrapper.cfbundle; includeInIndex = 0; path = PattyAppTests.xctest; sourceTree = BUILT_PRODUCTS_DIR; };
		3C832F5D1F94C96500EC8390 /* PattyAppTests.swift */ = {isa = PBXFileReference; lastKnownFileType = sourcecode.swift; path = PattyAppTests.swift; sourceTree = "<group>"; };
		3C832F5F1F94C96500EC8390 /* Info.plist */ = {isa = PBXFileReference; lastKnownFileType = text.plist.xml; path = Info.plist; sourceTree = "<group>"; };
		3C832F641F94C96500EC8390 /* PattyAppUITests.xctest */ = {isa = PBXFileReference; explicitFileType = wrapper.cfbundle; includeInIndex = 0; path = PattyAppUITests.xctest; sourceTree = BUILT_PRODUCTS_DIR; };
		3C832F681F94C96500EC8390 /* PattyAppUITests.swift */ = {isa = PBXFileReference; lastKnownFileType = sourcecode.swift; path = PattyAppUITests.swift; sourceTree = "<group>"; };
		3C832F6A1F94C96500EC8390 /* Info.plist */ = {isa = PBXFileReference; lastKnownFileType = text.plist.xml; path = Info.plist; sourceTree = "<group>"; };
		3C832F761F94D49A00EC8390 /* GoogleService-Info.plist */ = {isa = PBXFileReference; fileEncoding = 4; lastKnownFileType = text.plist.xml; path = "GoogleService-Info.plist"; sourceTree = "<group>"; };
		590845F61F97ED9D009A2D6A /* LoggedInVC.swift */ = {isa = PBXFileReference; fileEncoding = 4; lastKnownFileType = sourcecode.swift; path = LoggedInVC.swift; sourceTree = "<group>"; };
		590845FA1F980238009A2D6A /* resetPasswordVC.swift */ = {isa = PBXFileReference; fileEncoding = 4; lastKnownFileType = sourcecode.swift; path = resetPasswordVC.swift; sourceTree = "<group>"; };
		59972FCD1FBE1EA400CD6C57 /* Home.swift */ = {isa = PBXFileReference; fileEncoding = 4; lastKnownFileType = sourcecode.swift; path = Home.swift; sourceTree = "<group>"; };
		59BE0E0C1F96A32C008DD52B /* PattyApp.entitlements */ = {isa = PBXFileReference; lastKnownFileType = text.plist.entitlements; path = PattyApp.entitlements; sourceTree = "<group>"; };
		59BE0E0F1F96A971008DD52B /* LoginVC.swift */ = {isa = PBXFileReference; fileEncoding = 4; lastKnownFileType = sourcecode.swift; path = LoginVC.swift; sourceTree = "<group>"; };
		59C98F8E1F95428C0000F65D /* MediaPlayer.framework */ = {isa = PBXFileReference; lastKnownFileType = wrapper.framework; name = MediaPlayer.framework; path = System/Library/Frameworks/MediaPlayer.framework; sourceTree = SDKROOT; };
		59C98F921F9548A40000F65D /* AVFoundation.framework */ = {isa = PBXFileReference; lastKnownFileType = wrapper.framework; name = AVFoundation.framework; path = System/Library/Frameworks/AVFoundation.framework; sourceTree = SDKROOT; };
		59E383871FDB0FDC005F72F8 /* pinnedLocation.swift */ = {isa = PBXFileReference; fileEncoding = 4; lastKnownFileType = sourcecode.swift; path = pinnedLocation.swift; sourceTree = "<group>"; };
		82AF6362E7D5EA0EFD43663C /* Pods-PattyAppUITests.release.xcconfig */ = {isa = PBXFileReference; includeInIndex = 1; lastKnownFileType = text.xcconfig; name = "Pods-PattyAppUITests.release.xcconfig"; path = "Pods/Target Support Files/Pods-PattyAppUITests/Pods-PattyAppUITests.release.xcconfig"; sourceTree = "<group>"; };
		A8B3B6A59C428E0ED63437E3 /* Pods-PattyAppTests.debug.xcconfig */ = {isa = PBXFileReference; includeInIndex = 1; lastKnownFileType = text.xcconfig; name = "Pods-PattyAppTests.debug.xcconfig"; path = "Pods/Target Support Files/Pods-PattyAppTests/Pods-PattyAppTests.debug.xcconfig"; sourceTree = "<group>"; };
		C458BF90183EE5C6DF74B305 /* Pods-PattyApp.debug.xcconfig */ = {isa = PBXFileReference; includeInIndex = 1; lastKnownFileType = text.xcconfig; name = "Pods-PattyApp.debug.xcconfig"; path = "Pods/Target Support Files/Pods-PattyApp/Pods-PattyApp.debug.xcconfig"; sourceTree = "<group>"; };
		E21B3C9C6911D6FAF763564C /* Pods_PattyApp.framework */ = {isa = PBXFileReference; explicitFileType = wrapper.framework; includeInIndex = 0; path = Pods_PattyApp.framework; sourceTree = BUILT_PRODUCTS_DIR; };
		F6F0C3B553D6AEE532806A47 /* Pods-PattyAppUITests.debug.xcconfig */ = {isa = PBXFileReference; includeInIndex = 1; lastKnownFileType = text.xcconfig; name = "Pods-PattyAppUITests.debug.xcconfig"; path = "Pods/Target Support Files/Pods-PattyAppUITests/Pods-PattyAppUITests.debug.xcconfig"; sourceTree = "<group>"; };
		FC41A1421FEBE62000CE2E6C /* PPointAnnotation.swift */ = {isa = PBXFileReference; lastKnownFileType = sourcecode.swift; path = PPointAnnotation.swift; sourceTree = "<group>"; };
/* End PBXFileReference section */

/* Begin PBXFrameworksBuildPhase section */
		3C832F3F1F94C96400EC8390 /* Frameworks */ = {
			isa = PBXFrameworksBuildPhase;
			buildActionMask = 2147483647;
			files = (
				48F466356828E7E3936F2426 /* Pods_PattyApp.framework in Frameworks */,
			);
			runOnlyForDeploymentPostprocessing = 0;
		};
		3C832F561F94C96500EC8390 /* Frameworks */ = {
			isa = PBXFrameworksBuildPhase;
			buildActionMask = 2147483647;
			files = (
				3B45CE98B24B163B2567D721 /* Pods_PattyAppTests.framework in Frameworks */,
			);
			runOnlyForDeploymentPostprocessing = 0;
		};
		3C832F611F94C96500EC8390 /* Frameworks */ = {
			isa = PBXFrameworksBuildPhase;
			buildActionMask = 2147483647;
			files = (
				272926C0ADAABDC88FE44877 /* Pods_PattyAppUITests.framework in Frameworks */,
			);
			runOnlyForDeploymentPostprocessing = 0;
		};
/* End PBXFrameworksBuildPhase section */

/* Begin PBXGroup section */
		3C832F391F94C96400EC8390 = {
			isa = PBXGroup;
			children = (
				3C832F441F94C96400EC8390 /* PattyApp */,
				3C832F5C1F94C96500EC8390 /* PattyAppTests */,
				3C832F671F94C96500EC8390 /* PattyAppUITests */,
				3C832F431F94C96400EC8390 /* Products */,
				AAEF2221929EA6599A7E6275 /* Pods */,
				9A45B902B73FF98D8D52313B /* Frameworks */,
			);
			sourceTree = "<group>";
		};
		3C832F431F94C96400EC8390 /* Products */ = {
			isa = PBXGroup;
			children = (
				3C832F421F94C96400EC8390 /* PattyApp.app */,
				3C832F591F94C96500EC8390 /* PattyAppTests.xctest */,
				3C832F641F94C96500EC8390 /* PattyAppUITests.xctest */,
			);
			name = Products;
			sourceTree = "<group>";
		};
		3C832F441F94C96400EC8390 /* PattyApp */ = {
			isa = PBXGroup;
			children = (
				59BE0E0C1F96A32C008DD52B /* PattyApp.entitlements */,
				3C832F451F94C96400EC8390 /* AppDelegate.swift */,
				3C832F471F94C96400EC8390 /* ViewController.swift */,
				3C832F491F94C96400EC8390 /* Main.storyboard */,
				3C5217061F979FF200F52725 /* CreateAccountVC.swift */,
				3C832F4F1F94C96400EC8390 /* Assets.xcassets */,
				3C832F511F94C96400EC8390 /* LaunchScreen.storyboard */,
				3C832F541F94C96400EC8390 /* Info.plist */,
				3C832F761F94D49A00EC8390 /* GoogleService-Info.plist */,
				3C832F4C1F94C96400EC8390 /* PattyApp.xcdatamodeld */,
				59BE0E0F1F96A971008DD52B /* LoginVC.swift */,
				590845F61F97ED9D009A2D6A /* LoggedInVC.swift */,
				590845FA1F980238009A2D6A /* resetPasswordVC.swift */,
				59972FCD1FBE1EA400CD6C57 /* Home.swift */,
				59E383871FDB0FDC005F72F8 /* pinnedLocation.swift */,
				FC41A1421FEBE62000CE2E6C /* PPointAnnotation.swift */,
				3C2BF6A01FEFCF64001EE084 /* Profile.swift */,
			);
			path = PattyApp;
			sourceTree = "<group>";
		};
		3C832F5C1F94C96500EC8390 /* PattyAppTests */ = {
			isa = PBXGroup;
			children = (
				3C832F5D1F94C96500EC8390 /* PattyAppTests.swift */,
				3C832F5F1F94C96500EC8390 /* Info.plist */,
			);
			path = PattyAppTests;
			sourceTree = "<group>";
		};
		3C832F671F94C96500EC8390 /* PattyAppUITests */ = {
			isa = PBXGroup;
			children = (
				3C832F681F94C96500EC8390 /* PattyAppUITests.swift */,
				3C832F6A1F94C96500EC8390 /* Info.plist */,
			);
			path = PattyAppUITests;
			sourceTree = "<group>";
		};
		9A45B902B73FF98D8D52313B /* Frameworks */ = {
			isa = PBXGroup;
			children = (
				59C98F921F9548A40000F65D /* AVFoundation.framework */,
				59C98F8E1F95428C0000F65D /* MediaPlayer.framework */,
				E21B3C9C6911D6FAF763564C /* Pods_PattyApp.framework */,
				036190BF56667C874DCB8773 /* Pods_PattyAppTests.framework */,
				08841108E2B19C64A20469D8 /* Pods_PattyAppUITests.framework */,
			);
			name = Frameworks;
			sourceTree = "<group>";
		};
		AAEF2221929EA6599A7E6275 /* Pods */ = {
			isa = PBXGroup;
			children = (
				C458BF90183EE5C6DF74B305 /* Pods-PattyApp.debug.xcconfig */,
				28B4B1C740B46D3B26C2F60F /* Pods-PattyApp.release.xcconfig */,
				A8B3B6A59C428E0ED63437E3 /* Pods-PattyAppTests.debug.xcconfig */,
				38E564C490E80FCD1144FF30 /* Pods-PattyAppTests.release.xcconfig */,
				F6F0C3B553D6AEE532806A47 /* Pods-PattyAppUITests.debug.xcconfig */,
				82AF6362E7D5EA0EFD43663C /* Pods-PattyAppUITests.release.xcconfig */,
			);
			name = Pods;
			sourceTree = "<group>";
		};
/* End PBXGroup section */

/* Begin PBXNativeTarget section */
		3C832F411F94C96400EC8390 /* PattyApp */ = {
			isa = PBXNativeTarget;
			buildConfigurationList = 3C832F6D1F94C96500EC8390 /* Build configuration list for PBXNativeTarget "PattyApp" */;
			buildPhases = (
				84900A3A47B2D95946DA7E79 /* [CP] Check Pods Manifest.lock */,
				3C832F3E1F94C96400EC8390 /* Sources */,
				3C832F3F1F94C96400EC8390 /* Frameworks */,
				3C832F401F94C96400EC8390 /* Resources */,
				F5FDE8E05E287713E49FA65B /* [CP] Embed Pods Frameworks */,
				934AB4A5597D1B214E1E43BC /* [CP] Copy Pods Resources */,
			);
			buildRules = (
			);
			dependencies = (
			);
			name = PattyApp;
			productName = PattyApp;
			productReference = 3C832F421F94C96400EC8390 /* PattyApp.app */;
			productType = "com.apple.product-type.application";
		};
		3C832F581F94C96500EC8390 /* PattyAppTests */ = {
			isa = PBXNativeTarget;
			buildConfigurationList = 3C832F701F94C96500EC8390 /* Build configuration list for PBXNativeTarget "PattyAppTests" */;
			buildPhases = (
				389291C851F97AC33A96BE9E /* [CP] Check Pods Manifest.lock */,
				3C832F551F94C96500EC8390 /* Sources */,
				3C832F561F94C96500EC8390 /* Frameworks */,
				3C832F571F94C96500EC8390 /* Resources */,
				F13ABFD66E9E39C346D40F34 /* [CP] Embed Pods Frameworks */,
				8CBAC17E9B3BE454BD9B14C2 /* [CP] Copy Pods Resources */,
			);
			buildRules = (
			);
			dependencies = (
				3C832F5B1F94C96500EC8390 /* PBXTargetDependency */,
			);
			name = PattyAppTests;
			productName = PattyAppTests;
			productReference = 3C832F591F94C96500EC8390 /* PattyAppTests.xctest */;
			productType = "com.apple.product-type.bundle.unit-test";
		};
		3C832F631F94C96500EC8390 /* PattyAppUITests */ = {
			isa = PBXNativeTarget;
			buildConfigurationList = 3C832F731F94C96500EC8390 /* Build configuration list for PBXNativeTarget "PattyAppUITests" */;
			buildPhases = (
				1B5CCD31065D3E7F18696027 /* [CP] Check Pods Manifest.lock */,
				3C832F601F94C96500EC8390 /* Sources */,
				3C832F611F94C96500EC8390 /* Frameworks */,
				3C832F621F94C96500EC8390 /* Resources */,
				E5F48C57BDF32C42CBF18134 /* [CP] Embed Pods Frameworks */,
				FC5B581559965FEEE91DBA81 /* [CP] Copy Pods Resources */,
			);
			buildRules = (
			);
			dependencies = (
				3C832F661F94C96500EC8390 /* PBXTargetDependency */,
			);
			name = PattyAppUITests;
			productName = PattyAppUITests;
			productReference = 3C832F641F94C96500EC8390 /* PattyAppUITests.xctest */;
			productType = "com.apple.product-type.bundle.ui-testing";
		};
/* End PBXNativeTarget section */

/* Begin PBXProject section */
		3C832F3A1F94C96400EC8390 /* Project object */ = {
			isa = PBXProject;
			attributes = {
				LastSwiftUpdateCheck = 0830;
				LastUpgradeCheck = 0830;
				ORGANIZATIONNAME = "Dilara Korkmaz";
				TargetAttributes = {
					3C832F411F94C96400EC8390 = {
						CreatedOnToolsVersion = 8.3.3;
						DevelopmentTeam = DCUNJ956CG;
						ProvisioningStyle = Automatic;
						SystemCapabilities = {
							com.apple.Keychain = {
								enabled = 1;
							};
						};
					};
					3C832F581F94C96500EC8390 = {
						CreatedOnToolsVersion = 8.3.3;
						ProvisioningStyle = Automatic;
						TestTargetID = 3C832F411F94C96400EC8390;
					};
					3C832F631F94C96500EC8390 = {
						CreatedOnToolsVersion = 8.3.3;
						ProvisioningStyle = Automatic;
						TestTargetID = 3C832F411F94C96400EC8390;
					};
				};
			};
			buildConfigurationList = 3C832F3D1F94C96400EC8390 /* Build configuration list for PBXProject "PattyApp" */;
			compatibilityVersion = "Xcode 3.2";
			developmentRegion = English;
			hasScannedForEncodings = 0;
			knownRegions = (
				en,
				Base,
			);
			mainGroup = 3C832F391F94C96400EC8390;
			productRefGroup = 3C832F431F94C96400EC8390 /* Products */;
			projectDirPath = "";
			projectRoot = "";
			targets = (
				3C832F411F94C96400EC8390 /* PattyApp */,
				3C832F581F94C96500EC8390 /* PattyAppTests */,
				3C832F631F94C96500EC8390 /* PattyAppUITests */,
			);
		};
/* End PBXProject section */

/* Begin PBXResourcesBuildPhase section */
		3C832F401F94C96400EC8390 /* Resources */ = {
			isa = PBXResourcesBuildPhase;
			buildActionMask = 2147483647;
			files = (
				3C832F531F94C96400EC8390 /* LaunchScreen.storyboard in Resources */,
				3C832F501F94C96400EC8390 /* Assets.xcassets in Resources */,
				3C832F771F94D49A00EC8390 /* GoogleService-Info.plist in Resources */,
				3C832F4B1F94C96400EC8390 /* Main.storyboard in Resources */,
			);
			runOnlyForDeploymentPostprocessing = 0;
		};
		3C832F571F94C96500EC8390 /* Resources */ = {
			isa = PBXResourcesBuildPhase;
			buildActionMask = 2147483647;
			files = (
			);
			runOnlyForDeploymentPostprocessing = 0;
		};
		3C832F621F94C96500EC8390 /* Resources */ = {
			isa = PBXResourcesBuildPhase;
			buildActionMask = 2147483647;
			files = (
			);
			runOnlyForDeploymentPostprocessing = 0;
		};
/* End PBXResourcesBuildPhase section */

/* Begin PBXShellScriptBuildPhase section */
		1B5CCD31065D3E7F18696027 /* [CP] Check Pods Manifest.lock */ = {
			isa = PBXShellScriptBuildPhase;
			buildActionMask = 2147483647;
			files = (
			);
			inputPaths = (
				"${PODS_PODFILE_DIR_PATH}/Podfile.lock",
				"${PODS_ROOT}/Manifest.lock",
			);
			name = "[CP] Check Pods Manifest.lock";
			outputPaths = (
				"$(DERIVED_FILE_DIR)/Pods-PattyAppUITests-checkManifestLockResult.txt",
			);
			runOnlyForDeploymentPostprocessing = 0;
			shellPath = /bin/sh;
			shellScript = "diff \"${PODS_PODFILE_DIR_PATH}/Podfile.lock\" \"${PODS_ROOT}/Manifest.lock\" > /dev/null\nif [ $? != 0 ] ; then\n    # print error to STDERR\n    echo \"error: The sandbox is not in sync with the Podfile.lock. Run 'pod install' or update your CocoaPods installation.\" >&2\n    exit 1\nfi\n# This output is used by Xcode 'outputs' to avoid re-running this script phase.\necho \"SUCCESS\" > \"${SCRIPT_OUTPUT_FILE_0}\"\n";
			showEnvVarsInLog = 0;
		};
		389291C851F97AC33A96BE9E /* [CP] Check Pods Manifest.lock */ = {
			isa = PBXShellScriptBuildPhase;
			buildActionMask = 2147483647;
			files = (
			);
			inputPaths = (
				"${PODS_PODFILE_DIR_PATH}/Podfile.lock",
				"${PODS_ROOT}/Manifest.lock",
			);
			name = "[CP] Check Pods Manifest.lock";
			outputPaths = (
				"$(DERIVED_FILE_DIR)/Pods-PattyAppTests-checkManifestLockResult.txt",
			);
			runOnlyForDeploymentPostprocessing = 0;
			shellPath = /bin/sh;
			shellScript = "diff \"${PODS_PODFILE_DIR_PATH}/Podfile.lock\" \"${PODS_ROOT}/Manifest.lock\" > /dev/null\nif [ $? != 0 ] ; then\n    # print error to STDERR\n    echo \"error: The sandbox is not in sync with the Podfile.lock. Run 'pod install' or update your CocoaPods installation.\" >&2\n    exit 1\nfi\n# This output is used by Xcode 'outputs' to avoid re-running this script phase.\necho \"SUCCESS\" > \"${SCRIPT_OUTPUT_FILE_0}\"\n";
			showEnvVarsInLog = 0;
		};
		84900A3A47B2D95946DA7E79 /* [CP] Check Pods Manifest.lock */ = {
			isa = PBXShellScriptBuildPhase;
			buildActionMask = 2147483647;
			files = (
			);
			inputPaths = (
				"${PODS_PODFILE_DIR_PATH}/Podfile.lock",
				"${PODS_ROOT}/Manifest.lock",
			);
			name = "[CP] Check Pods Manifest.lock";
			outputPaths = (
				"$(DERIVED_FILE_DIR)/Pods-PattyApp-checkManifestLockResult.txt",
			);
			runOnlyForDeploymentPostprocessing = 0;
			shellPath = /bin/sh;
			shellScript = "diff \"${PODS_PODFILE_DIR_PATH}/Podfile.lock\" \"${PODS_ROOT}/Manifest.lock\" > /dev/null\nif [ $? != 0 ] ; then\n    # print error to STDERR\n    echo \"error: The sandbox is not in sync with the Podfile.lock. Run 'pod install' or update your CocoaPods installation.\" >&2\n    exit 1\nfi\n# This output is used by Xcode 'outputs' to avoid re-running this script phase.\necho \"SUCCESS\" > \"${SCRIPT_OUTPUT_FILE_0}\"\n";
			showEnvVarsInLog = 0;
		};
		8CBAC17E9B3BE454BD9B14C2 /* [CP] Copy Pods Resources */ = {
			isa = PBXShellScriptBuildPhase;
			buildActionMask = 2147483647;
			files = (
			);
			inputPaths = (
			);
			name = "[CP] Copy Pods Resources";
			outputPaths = (
			);
			runOnlyForDeploymentPostprocessing = 0;
			shellPath = /bin/sh;
			shellScript = "\"${SRCROOT}/Pods/Target Support Files/Pods-PattyAppTests/Pods-PattyAppTests-resources.sh\"\n";
			showEnvVarsInLog = 0;
		};
		934AB4A5597D1B214E1E43BC /* [CP] Copy Pods Resources */ = {
			isa = PBXShellScriptBuildPhase;
			buildActionMask = 2147483647;
			files = (
			);
			inputPaths = (
			);
			name = "[CP] Copy Pods Resources";
			outputPaths = (
			);
			runOnlyForDeploymentPostprocessing = 0;
			shellPath = /bin/sh;
			shellScript = "\"${SRCROOT}/Pods/Target Support Files/Pods-PattyApp/Pods-PattyApp-resources.sh\"\n";
			showEnvVarsInLog = 0;
		};
		E5F48C57BDF32C42CBF18134 /* [CP] Embed Pods Frameworks */ = {
			isa = PBXShellScriptBuildPhase;
			buildActionMask = 2147483647;
			files = (
			);
			inputPaths = (
				"${SRCROOT}/Pods/Target Support Files/Pods-PattyAppUITests/Pods-PattyAppUITests-frameworks.sh",
				"${BUILT_PRODUCTS_DIR}/Kingfisher/Kingfisher.framework",
			);
			name = "[CP] Embed Pods Frameworks";
			outputPaths = (
				"${TARGET_BUILD_DIR}/${FRAMEWORKS_FOLDER_PATH}/Kingfisher.framework",
			);
			runOnlyForDeploymentPostprocessing = 0;
			shellPath = /bin/sh;
			shellScript = "\"${SRCROOT}/Pods/Target Support Files/Pods-PattyAppUITests/Pods-PattyAppUITests-frameworks.sh\"\n";
			showEnvVarsInLog = 0;
		};
		F13ABFD66E9E39C346D40F34 /* [CP] Embed Pods Frameworks */ = {
			isa = PBXShellScriptBuildPhase;
			buildActionMask = 2147483647;
			files = (
			);
			inputPaths = (
			);
			name = "[CP] Embed Pods Frameworks";
			outputPaths = (
			);
			runOnlyForDeploymentPostprocessing = 0;
			shellPath = /bin/sh;
			shellScript = "\"${SRCROOT}/Pods/Target Support Files/Pods-PattyAppTests/Pods-PattyAppTests-frameworks.sh\"\n";
			showEnvVarsInLog = 0;
		};
		F5FDE8E05E287713E49FA65B /* [CP] Embed Pods Frameworks */ = {
			isa = PBXShellScriptBuildPhase;
			buildActionMask = 2147483647;
			files = (
			);
			inputPaths = (
				"${SRCROOT}/Pods/Target Support Files/Pods-PattyApp/Pods-PattyApp-frameworks.sh",
				"${BUILT_PRODUCTS_DIR}/GTMSessionFetcher/GTMSessionFetcher.framework",
				"${BUILT_PRODUCTS_DIR}/GoogleToolboxForMac/GoogleToolboxForMac.framework",
				"${BUILT_PRODUCTS_DIR}/KeychainSwift/KeychainSwift.framework",
				"${BUILT_PRODUCTS_DIR}/SDWebImage/SDWebImage.framework",
				"${BUILT_PRODUCTS_DIR}/nanopb/nanopb.framework",
			);
			name = "[CP] Embed Pods Frameworks";
			outputPaths = (
				"${TARGET_BUILD_DIR}/${FRAMEWORKS_FOLDER_PATH}/GTMSessionFetcher.framework",
				"${TARGET_BUILD_DIR}/${FRAMEWORKS_FOLDER_PATH}/GoogleToolboxForMac.framework",
				"${TARGET_BUILD_DIR}/${FRAMEWORKS_FOLDER_PATH}/KeychainSwift.framework",
				"${TARGET_BUILD_DIR}/${FRAMEWORKS_FOLDER_PATH}/SDWebImage.framework",
				"${TARGET_BUILD_DIR}/${FRAMEWORKS_FOLDER_PATH}/nanopb.framework",
			);
			runOnlyForDeploymentPostprocessing = 0;
			shellPath = /bin/sh;
			shellScript = "\"${SRCROOT}/Pods/Target Support Files/Pods-PattyApp/Pods-PattyApp-frameworks.sh\"\n";
			showEnvVarsInLog = 0;
		};
		FC5B581559965FEEE91DBA81 /* [CP] Copy Pods Resources */ = {
			isa = PBXShellScriptBuildPhase;
			buildActionMask = 2147483647;
			files = (
			);
			inputPaths = (
			);
			name = "[CP] Copy Pods Resources";
			outputPaths = (
			);
			runOnlyForDeploymentPostprocessing = 0;
			shellPath = /bin/sh;
			shellScript = "\"${SRCROOT}/Pods/Target Support Files/Pods-PattyAppUITests/Pods-PattyAppUITests-resources.sh\"\n";
			showEnvVarsInLog = 0;
		};
/* End PBXShellScriptBuildPhase section */

/* Begin PBXSourcesBuildPhase section */
		3C832F3E1F94C96400EC8390 /* Sources */ = {
			isa = PBXSourcesBuildPhase;
			buildActionMask = 2147483647;
			files = (
				3C5217071F979FF200F52725 /* CreateAccountVC.swift in Sources */,
				3C832F4E1F94C96400EC8390 /* PattyApp.xcdatamodeld in Sources */,
				3C832F481F94C96400EC8390 /* ViewController.swift in Sources */,
				590845F71F97ED9D009A2D6A /* LoggedInVC.swift in Sources */,
				59BE0E101F96A971008DD52B /* LoginVC.swift in Sources */,
				590845FB1F980238009A2D6A /* resetPasswordVC.swift in Sources */,
				59972FCE1FBE1EA400CD6C57 /* Home.swift in Sources */,
				59E383881FDB0FDC005F72F8 /* pinnedLocation.swift in Sources */,
				3C2BF6A11FEFCF64001EE084 /* Profile.swift in Sources */,
				FC41A1431FEBE62000CE2E6C /* PPointAnnotation.swift in Sources */,
				3C832F461F94C96400EC8390 /* AppDelegate.swift in Sources */,
			);
			runOnlyForDeploymentPostprocessing = 0;
		};
		3C832F551F94C96500EC8390 /* Sources */ = {
			isa = PBXSourcesBuildPhase;
			buildActionMask = 2147483647;
			files = (
				59E383891FDB0FDC005F72F8 /* pinnedLocation.swift in Sources */,
				3C832F5E1F94C96500EC8390 /* PattyAppTests.swift in Sources */,
			);
			runOnlyForDeploymentPostprocessing = 0;
		};
		3C832F601F94C96500EC8390 /* Sources */ = {
			isa = PBXSourcesBuildPhase;
			buildActionMask = 2147483647;
			files = (
				59E3838A1FDB0FDC005F72F8 /* pinnedLocation.swift in Sources */,
				3C832F691F94C96500EC8390 /* PattyAppUITests.swift in Sources */,
			);
			runOnlyForDeploymentPostprocessing = 0;
		};
/* End PBXSourcesBuildPhase section */

/* Begin PBXTargetDependency section */
		3C832F5B1F94C96500EC8390 /* PBXTargetDependency */ = {
			isa = PBXTargetDependency;
			target = 3C832F411F94C96400EC8390 /* PattyApp */;
			targetProxy = 3C832F5A1F94C96500EC8390 /* PBXContainerItemProxy */;
		};
		3C832F661F94C96500EC8390 /* PBXTargetDependency */ = {
			isa = PBXTargetDependency;
			target = 3C832F411F94C96400EC8390 /* PattyApp */;
			targetProxy = 3C832F651F94C96500EC8390 /* PBXContainerItemProxy */;
		};
/* End PBXTargetDependency section */

/* Begin PBXVariantGroup section */
		3C832F491F94C96400EC8390 /* Main.storyboard */ = {
			isa = PBXVariantGroup;
			children = (
				3C832F4A1F94C96400EC8390 /* Base */,
			);
			name = Main.storyboard;
			sourceTree = "<group>";
		};
		3C832F511F94C96400EC8390 /* LaunchScreen.storyboard */ = {
			isa = PBXVariantGroup;
			children = (
				3C832F521F94C96400EC8390 /* Base */,
			);
			name = LaunchScreen.storyboard;
			sourceTree = "<group>";
		};
/* End PBXVariantGroup section */

/* Begin XCBuildConfiguration section */
		3C832F6B1F94C96500EC8390 /* Debug */ = {
			isa = XCBuildConfiguration;
			buildSettings = {
				ALWAYS_SEARCH_USER_PATHS = NO;
				CLANG_ANALYZER_NONNULL = YES;
				CLANG_ANALYZER_NUMBER_OBJECT_CONVERSION = YES_AGGRESSIVE;
				CLANG_CXX_LANGUAGE_STANDARD = "gnu++0x";
				CLANG_CXX_LIBRARY = "libc++";
				CLANG_ENABLE_MODULES = YES;
				CLANG_ENABLE_OBJC_ARC = YES;
				CLANG_WARN_BOOL_CONVERSION = YES;
				CLANG_WARN_CONSTANT_CONVERSION = YES;
				CLANG_WARN_DIRECT_OBJC_ISA_USAGE = YES_ERROR;
				CLANG_WARN_DOCUMENTATION_COMMENTS = YES;
				CLANG_WARN_EMPTY_BODY = YES;
				CLANG_WARN_ENUM_CONVERSION = YES;
				CLANG_WARN_INFINITE_RECURSION = YES;
				CLANG_WARN_INT_CONVERSION = YES;
				CLANG_WARN_OBJC_ROOT_CLASS = YES_ERROR;
				CLANG_WARN_SUSPICIOUS_MOVE = YES;
				CLANG_WARN_UNREACHABLE_CODE = YES;
				CLANG_WARN__DUPLICATE_METHOD_MATCH = YES;
				"CODE_SIGN_IDENTITY[sdk=iphoneos*]" = "iPhone Developer";
				COPY_PHASE_STRIP = NO;
				DEBUG_INFORMATION_FORMAT = dwarf;
				ENABLE_STRICT_OBJC_MSGSEND = YES;
				ENABLE_TESTABILITY = YES;
				GCC_C_LANGUAGE_STANDARD = gnu99;
				GCC_DYNAMIC_NO_PIC = NO;
				GCC_NO_COMMON_BLOCKS = YES;
				GCC_OPTIMIZATION_LEVEL = 0;
				GCC_PREPROCESSOR_DEFINITIONS = (
					"DEBUG=1",
					"$(inherited)",
				);
				GCC_WARN_64_TO_32_BIT_CONVERSION = YES;
				GCC_WARN_ABOUT_RETURN_TYPE = YES_ERROR;
				GCC_WARN_UNDECLARED_SELECTOR = YES;
				GCC_WARN_UNINITIALIZED_AUTOS = YES_AGGRESSIVE;
				GCC_WARN_UNUSED_FUNCTION = YES;
				GCC_WARN_UNUSED_VARIABLE = YES;
				IPHONEOS_DEPLOYMENT_TARGET = 10.3;
				MTL_ENABLE_DEBUG_INFO = YES;
				ONLY_ACTIVE_ARCH = YES;
				SDKROOT = iphoneos;
				SWIFT_ACTIVE_COMPILATION_CONDITIONS = DEBUG;
				SWIFT_OPTIMIZATION_LEVEL = "-Onone";
				TARGETED_DEVICE_FAMILY = "1,2";
			};
			name = Debug;
		};
		3C832F6C1F94C96500EC8390 /* Release */ = {
			isa = XCBuildConfiguration;
			buildSettings = {
				ALWAYS_SEARCH_USER_PATHS = NO;
				CLANG_ANALYZER_NONNULL = YES;
				CLANG_ANALYZER_NUMBER_OBJECT_CONVERSION = YES_AGGRESSIVE;
				CLANG_CXX_LANGUAGE_STANDARD = "gnu++0x";
				CLANG_CXX_LIBRARY = "libc++";
				CLANG_ENABLE_MODULES = YES;
				CLANG_ENABLE_OBJC_ARC = YES;
				CLANG_WARN_BOOL_CONVERSION = YES;
				CLANG_WARN_CONSTANT_CONVERSION = YES;
				CLANG_WARN_DIRECT_OBJC_ISA_USAGE = YES_ERROR;
				CLANG_WARN_DOCUMENTATION_COMMENTS = YES;
				CLANG_WARN_EMPTY_BODY = YES;
				CLANG_WARN_ENUM_CONVERSION = YES;
				CLANG_WARN_INFINITE_RECURSION = YES;
				CLANG_WARN_INT_CONVERSION = YES;
				CLANG_WARN_OBJC_ROOT_CLASS = YES_ERROR;
				CLANG_WARN_SUSPICIOUS_MOVE = YES;
				CLANG_WARN_UNREACHABLE_CODE = YES;
				CLANG_WARN__DUPLICATE_METHOD_MATCH = YES;
				"CODE_SIGN_IDENTITY[sdk=iphoneos*]" = "iPhone Developer";
				COPY_PHASE_STRIP = NO;
				DEBUG_INFORMATION_FORMAT = "dwarf-with-dsym";
				ENABLE_NS_ASSERTIONS = NO;
				ENABLE_STRICT_OBJC_MSGSEND = YES;
				GCC_C_LANGUAGE_STANDARD = gnu99;
				GCC_NO_COMMON_BLOCKS = YES;
				GCC_WARN_64_TO_32_BIT_CONVERSION = YES;
				GCC_WARN_ABOUT_RETURN_TYPE = YES_ERROR;
				GCC_WARN_UNDECLARED_SELECTOR = YES;
				GCC_WARN_UNINITIALIZED_AUTOS = YES_AGGRESSIVE;
				GCC_WARN_UNUSED_FUNCTION = YES;
				GCC_WARN_UNUSED_VARIABLE = YES;
				IPHONEOS_DEPLOYMENT_TARGET = 10.3;
				MTL_ENABLE_DEBUG_INFO = NO;
				SDKROOT = iphoneos;
				SWIFT_OPTIMIZATION_LEVEL = "-Owholemodule";
				TARGETED_DEVICE_FAMILY = "1,2";
				VALIDATE_PRODUCT = YES;
			};
			name = Release;
		};
		3C832F6E1F94C96500EC8390 /* Debug */ = {
			isa = XCBuildConfiguration;
			baseConfigurationReference = C458BF90183EE5C6DF74B305 /* Pods-PattyApp.debug.xcconfig */;
			buildSettings = {
				ASSETCATALOG_COMPILER_APPICON_NAME = AppIcon;
				CODE_SIGN_ENTITLEMENTS = PattyApp/PattyApp.entitlements;
				"CODE_SIGN_IDENTITY[sdk=iphoneos*]" = "iPhone Developer";
				DEVELOPMENT_TEAM = DCUNJ956CG;
				ENABLE_BITCODE = NO;
				FRAMEWORK_SEARCH_PATHS = (
					"$(inherited)",
					"$(PROJECT_DIR)/build/Debug-iphoneos/Kingfisher",
					"$(PROJECT_DIR)/build/Debug-iphoneos/VideoSplashKit",
				);
				INFOPLIST_FILE = PattyApp/Info.plist;
				IPHONEOS_DEPLOYMENT_TARGET = 10.2;
				LD_RUNPATH_SEARCH_PATHS = "$(inherited) @executable_path/Frameworks";
				PRODUCT_BUNDLE_IDENTIFIER = buraknurcicek;
				PRODUCT_NAME = "$(TARGET_NAME)";
				PROVISIONING_PROFILE_SPECIFIER = "";
				SWIFT_VERSION = 3.0;
			};
			name = Debug;
		};
		3C832F6F1F94C96500EC8390 /* Release */ = {
			isa = XCBuildConfiguration;
			baseConfigurationReference = 28B4B1C740B46D3B26C2F60F /* Pods-PattyApp.release.xcconfig */;
			buildSettings = {
				ASSETCATALOG_COMPILER_APPICON_NAME = AppIcon;
				CODE_SIGN_ENTITLEMENTS = PattyApp/PattyApp.entitlements;
				"CODE_SIGN_IDENTITY[sdk=iphoneos*]" = "iPhone Developer";
				DEVELOPMENT_TEAM = DCUNJ956CG;
				ENABLE_BITCODE = NO;
				FRAMEWORK_SEARCH_PATHS = (
					"$(inherited)",
					"$(PROJECT_DIR)/build/Debug-iphoneos/Kingfisher",
					"$(PROJECT_DIR)/build/Debug-iphoneos/VideoSplashKit",
				);
				INFOPLIST_FILE = PattyApp/Info.plist;
				IPHONEOS_DEPLOYMENT_TARGET = 10.2;
				LD_RUNPATH_SEARCH_PATHS = "$(inherited) @executable_path/Frameworks";
				PRODUCT_BUNDLE_IDENTIFIER = buraknurcicek;
				PRODUCT_NAME = "$(TARGET_NAME)";
				PROVISIONING_PROFILE_SPECIFIER = "";
				SWIFT_VERSION = 3.0;
			};
			name = Release;
		};
		3C832F711F94C96500EC8390 /* Debug */ = {
			isa = XCBuildConfiguration;
			baseConfigurationReference = A8B3B6A59C428E0ED63437E3 /* Pods-PattyAppTests.debug.xcconfig */;
			buildSettings = {
				ALWAYS_EMBED_SWIFT_STANDARD_LIBRARIES = YES;
				BUNDLE_LOADER = "$(TEST_HOST)";
				INFOPLIST_FILE = PattyAppTests/Info.plist;
				LD_RUNPATH_SEARCH_PATHS = "$(inherited) @executable_path/Frameworks @loader_path/Frameworks";
				PRODUCT_BUNDLE_IDENTIFIER = com.dkorkmaz.PattyAppTests;
				PRODUCT_NAME = "$(TARGET_NAME)";
				SWIFT_VERSION = 3.0;
				TEST_HOST = "$(BUILT_PRODUCTS_DIR)/PattyApp.app/PattyApp";
			};
			name = Debug;
		};
		3C832F721F94C96500EC8390 /* Release */ = {
			isa = XCBuildConfiguration;
			baseConfigurationReference = 38E564C490E80FCD1144FF30 /* Pods-PattyAppTests.release.xcconfig */;
			buildSettings = {
				ALWAYS_EMBED_SWIFT_STANDARD_LIBRARIES = YES;
				BUNDLE_LOADER = "$(TEST_HOST)";
				INFOPLIST_FILE = PattyAppTests/Info.plist;
				LD_RUNPATH_SEARCH_PATHS = "$(inherited) @executable_path/Frameworks @loader_path/Frameworks";
				PRODUCT_BUNDLE_IDENTIFIER = com.dkorkmaz.PattyAppTests;
				PRODUCT_NAME = "$(TARGET_NAME)";
				SWIFT_VERSION = 3.0;
				TEST_HOST = "$(BUILT_PRODUCTS_DIR)/PattyApp.app/PattyApp";
			};
			name = Release;
		};
		3C832F741F94C96500EC8390 /* Debug */ = {
			isa = XCBuildConfiguration;
			baseConfigurationReference = F6F0C3B553D6AEE532806A47 /* Pods-PattyAppUITests.debug.xcconfig */;
			buildSettings = {
				ALWAYS_EMBED_SWIFT_STANDARD_LIBRARIES = YES;
				INFOPLIST_FILE = PattyAppUITests/Info.plist;
				LD_RUNPATH_SEARCH_PATHS = "$(inherited) @executable_path/Frameworks @loader_path/Frameworks";
				PRODUCT_BUNDLE_IDENTIFIER = com.dkorkmaz.PattyAppUITests;
				PRODUCT_NAME = "$(TARGET_NAME)";
				SWIFT_VERSION = 3.0;
				TEST_TARGET_NAME = PattyApp;
			};
			name = Debug;
		};
		3C832F751F94C96500EC8390 /* Release */ = {
			isa = XCBuildConfiguration;
			baseConfigurationReference = 82AF6362E7D5EA0EFD43663C /* Pods-PattyAppUITests.release.xcconfig */;
			buildSettings = {
				ALWAYS_EMBED_SWIFT_STANDARD_LIBRARIES = YES;
				INFOPLIST_FILE = PattyAppUITests/Info.plist;
				LD_RUNPATH_SEARCH_PATHS = "$(inherited) @executable_path/Frameworks @loader_path/Frameworks";
				PRODUCT_BUNDLE_IDENTIFIER = com.dkorkmaz.PattyAppUITests;
				PRODUCT_NAME = "$(TARGET_NAME)";
				SWIFT_VERSION = 3.0;
				TEST_TARGET_NAME = PattyApp;
			};
			name = Release;
		};
/* End XCBuildConfiguration section */

/* Begin XCConfigurationList section */
		3C832F3D1F94C96400EC8390 /* Build configuration list for PBXProject "PattyApp" */ = {
			isa = XCConfigurationList;
			buildConfigurations = (
				3C832F6B1F94C96500EC8390 /* Debug */,
				3C832F6C1F94C96500EC8390 /* Release */,
			);
			defaultConfigurationIsVisible = 0;
			defaultConfigurationName = Release;
		};
		3C832F6D1F94C96500EC8390 /* Build configuration list for PBXNativeTarget "PattyApp" */ = {
			isa = XCConfigurationList;
			buildConfigurations = (
				3C832F6E1F94C96500EC8390 /* Debug */,
				3C832F6F1F94C96500EC8390 /* Release */,
			);
			defaultConfigurationIsVisible = 0;
			defaultConfigurationName = Release;
		};
		3C832F701F94C96500EC8390 /* Build configuration list for PBXNativeTarget "PattyAppTests" */ = {
			isa = XCConfigurationList;
			buildConfigurations = (
				3C832F711F94C96500EC8390 /* Debug */,
				3C832F721F94C96500EC8390 /* Release */,
			);
			defaultConfigurationIsVisible = 0;
			defaultConfigurationName = Release;
		};
		3C832F731F94C96500EC8390 /* Build configuration list for PBXNativeTarget "PattyAppUITests" */ = {
			isa = XCConfigurationList;
			buildConfigurations = (
				3C832F741F94C96500EC8390 /* Debug */,
				3C832F751F94C96500EC8390 /* Release */,
			);
			defaultConfigurationIsVisible = 0;
			defaultConfigurationName = Release;
		};
/* End XCConfigurationList section */

/* Begin XCVersionGroup section */
		3C832F4C1F94C96400EC8390 /* PattyApp.xcdatamodeld */ = {
			isa = XCVersionGroup;
			children = (
				3C832F4D1F94C96400EC8390 /* PattyApp.xcdatamodel */,
			);
			currentVersion = 3C832F4D1F94C96400EC8390 /* PattyApp.xcdatamodel */;
			path = PattyApp.xcdatamodeld;
			sourceTree = "<group>";
			versionGroupType = wrapper.xcdatamodel;
		};
/* End XCVersionGroup section */
	};
	rootObject = 3C832F3A1F94C96400EC8390 /* Project object */;
}
